{
  "name": "paperclip-tester1-warden-runner",
  "version": "1.0.0",
  "lockfileVersion": 3,
  "requires": true,
  "packages": {
    "": {
      "name": "paperclip-tester1-warden-runner",
      "version": "1.0.0",
      "dependencies": {
        "@openai/codex": "0.144.1",
        "@playwright/mcp": "0.0.78"
      }
    },
    "node_modules/@openai/codex": {
      "version": "0.144.1",
      "resolved": "https://registry.npmjs.org/@openai/codex/-/codex-0.144.1.tgz",
      "integrity": "sha512-Xir1zqPfpenhdoAoshN53uonzbBXj18COyzRkFlVZpSNyEl5XtkuYu9oddELePFN7K/0sXUcSO34Ad5IeCXPbw==",
      "license": "Apache-2.0",
      "bin": {
        "codex": "bin/codex.js"
      },
      "engines": {
        "node": ">=16"
      },
      "optionalDependencies": {
        "@openai/codex-darwin-arm64": "npm:@openai/codex@0.144.1-darwin-arm64",
        "@openai/codex-darwin-x64": "npm:@openai/codex@0.144.1-darwin-x64",
        "@openai/codex-linux-arm64": "npm:@openai/codex@0.144.1-linux-arm64",
        "@openai/codex-linux-x64": "npm:@openai/codex@0.144.1-linux-x64",
        "@openai/codex-win32-arm64": "npm:@openai/codex@0.144.1-win32-arm64",
        "@openai/codex-win32-x64": "npm:@openai/codex@0.144.1-win32-x64"
      }
    },
    "node_modules/@openai/codex-darwin-arm64": {
      "name": "@openai/codex",
      "version": "0.144.1-darwin-arm64",
      "resolved": "https://registry.npmjs.org/@openai/codex/-/codex-0.144.1-darwin-arm64.tgz",
      "integrity": "sha512-dABeDK+ATqMG54MGBd3VjpKfh5EOoqx9PKVQB2QYDaEXx3F6CdUCXue5QIMfr4OxziUj8pUcLAQyd+KFqiTUFw==",
      "cpu": [
        "arm64"
      ],
      "license": "Apache-2.0",
      "optional": true,
      "os": [
        "darwin"
      ],
      "engines": {
        "node": ">=16"
      }
    },
    "node_modules/@openai/codex-darwin-x64": {
      "name": "@openai/codex",
      "version": "0.144.1-darwin-x64",
      "resolved": "https://registry.npmjs.org/@openai/codex/-/codex-0.144.1-darwin-x64.tgz",
      "integrity": "sha512-K2g3Q3tNxzFhV0SuzO6HcsYK7EQrp/o4HyeReyhkwVrwwUPoYwyIbB0IRjHIiDzRhbKriDccid2iyF5aPqdTcg==",
      "cpu": [
        "x64"
      ],
      "license": "Apache-2.0",
      "optional": true,
      "os": [
        "darwin"
      ],
      "engines": {
        "node": ">=16"
      }
    },
    "node_modules/@openai/codex-linux-arm64": {
      "name": "@openai/codex",
      "version": "0.144.1-linux-arm64",
      "resolved": "https://registry.npmjs.org/@openai/codex/-/codex-0.144.1-linux-arm64.tgz",
      "integrity": "sha512-451o15+XtaXCCb35t/KCyyPqXHnTPxPxtdqEYOnE3e4sH5AfnI/uVJwfdjOksMG6vRLy6R+fLvSDOMguRFLmQw==",
      "cpu": [
        "arm64"
      ],
      "license": "Apache-2.0",
      "optional": true,
      "os": [
        "linux"
      ],
      "engines": {
        "node": ">=16"
      }
    },
    "node_modules/@openai/codex-linux-x64": {
      "name": "@openai/codex",
      "version": "0.144.1-linux-x64",
      "resolved": "https://registry.npmjs.org/@openai/codex/-/codex-0.144.1-linux-x64.tgz",
      "integrity": "sha512-HNGVI+BulrOaC/0IzBvd6EL62j7LrlbFKibrhw6hZjjCjAeUYzRB2jB4qDzXN1NfqDi6Xrvniof3kwbwab24lg==",
      "cpu": [
        "x64"
      ],
      "license": "Apache-2.0",
      "optional": true,
      "os": [
        "linux"
      ],
      "engines": {
        "node": ">=16"
      }
    },
    "node_modules/@openai/codex-win32-arm64": {
      "name": "@openai/codex",
      "version": "0.144.1-win32-arm64",
      "resolved": "https://registry.npmjs.org/@openai/codex/-/codex-0.144.1-win32-arm64.tgz",
      "integrity": "sha512-L4aDVEh9o1u7WYoxpSyv3un9Bz26YZYocOFqE2oHdEQDL2s6/LdtutLQc3oUZruLlEbkNsjSU0HI1OKsP0+Ctg==",
      "cpu": [
        "arm64"
      ],
      "license": "Apache-2.0",
      "optional": true,
      "os": [
        "win32"
      ],
      "engines": {
        "node": ">=16"
      }
    },
    "node_modules/@openai/codex-win32-x64": {
      "name": "@openai/codex",
      "version": "0.144.1-win32-x64",
      "resolved": "https://registry.npmjs.org/@openai/codex/-/codex-0.144.1-win32-x64.tgz",
      "integrity": "sha512-qv2HOp6v/nVP31p5I5GxYyL0wa79PMzim1+W9CKSV0UldjFV9AMbualA8PeXcYhbvvh9Y1UASXxwjuQdlyfAvw==",
      "cpu": [
        "x64"
      ],
      "license": "Apache-2.0",
      "optional": true,
      "os": [
        "win32"
      ],
      "engines": {
        "node": ">=16"
      }
    },
    "node_modules/@playwright/mcp": {
      "version": "0.0.78",
      "resolved": "https://registry.npmjs.org/@playwright/mcp/-/mcp-0.0.78.tgz",
      "integrity": "sha512-XLTUeA6mEN9sQ+hJ4dfG8EIkDbxS0K3Trc2RBkUJuf02TgE2FQRNTMtq/aJfhyRMINsRl/Ybc4sxcWLtFn4/TQ==",
      "license": "Apache-2.0",
      "dependencies": {
        "playwright": "1.62.0-alpha-1783623505000",
        "playwright-core": "1.62.0-alpha-1783623505000"
      },
      "bin": {
        "playwright-mcp": "cli.js"
      },
      "engines": {
        "node": ">=18"
      }
    },
    "node_modules/fsevents": {
      "version": "2.3.2",
      "resolved": "https://registry.npmjs.org/fsevents/-/fsevents-2.3.2.tgz",
      "integrity": "sha512-xiqMQR4xAeHTuB9uWm+fFRcIOgKBMiOBP+eXiyT7jsgVCq1bkVygt00oASowB7EdtpOHaaPgKt812P9ab+DDKA==",
      "hasInstallScript": true,
      "license": "MIT",
      "optional": true,
      "os": [
        "darwin"
      ],
      "engines": {
        "node": "^8.16.0 || ^10.6.0 || >=11.0.0"
      }
    },
    "node_modules/playwright": {
      "version": "1.62.0-alpha-1783623505000",
      "resolved": "https://registry.npmjs.org/playwright/-/playwright-1.62.0-alpha-1783623505000.tgz",
      "integrity": "sha512-6KV9h4PP3hqu4NaGdxxcijWfYh9LJcFI/R2sP4TTC4I5cFo3oRawN0ETlW5MkE3cQEgKhhoj0KUNz4sfpCT0Tg==",
      "license": "Apache-2.0",
      "dependencies": {
        "playwright-core": "1.62.0-alpha-1783623505000"
      },
      "bin": {
        "playwright": "cli.js"
      },
      "engines": {
        "node": ">=20"
      },
      "optionalDependencies": {
        "fsevents": "2.3.2"
      }
    },
    "node_modules/playwright-core": {
      "version": "1.62.0-alpha-1783623505000",
      "resolved": "https://registry.npmjs.org/playwright-core/-/playwright-core-1.62.0-alpha-1783623505000.tgz",
      "integrity": "sha512-CPJZdsA/KGT2QQlekiV6Wt+QlQrZHVSZ6oiNtOI/bYYOIVLM8jfKGWTM4zQiyd4UN+40Cq4cA6lxmZHZbtPvJQ==",
      "license": "Apache-2.0",
      "bin": {
        "playwright-core": "cli.js"
      },
      "engines": {
        "node": ">=20"
      }
    }
  }
}
